
Microsoft Visual Studio Solution File, Format Version 12.00
# Visual Studio 15
VisualStudioVersion = 15.0.28010.2026
MinimumVisualStudioVersion = 10.0.40219.1
Project("{FAE04EC0-301F-11D3-BF4B-00C04F79EFBC}") = "DataApplication", "DataApplication\DataApplication.csproj", "{4D684BFE-6CA9-48C3-BF19-B68F44E77AC0}"
EndProject
Global
	GlobalSection(SolutionConfigurationPlatforms) = preSolution
		Debug|Any CPU = Debug|Any CPU
		Release|Any CPU = Release|Any CPU
	EndGlobalSection
	GlobalSection(ProjectConfigurationPlatforms) = postSolution
		{4D684BFE-6CA9-48C3-BF19-B68F44E77AC0}.Debug|Any CPU.ActiveCfg = Debug|Any CPU
		{4D684BFE-6CA9-48C3-BF19-B68F44E77AC0}.Debug|Any CPU.Build.0 = Debug|Any CPU
		{4D684BFE-6CA9-48C3-BF19-B68F44E77AC0}.Release|Any CPU.ActiveCfg = Release|Any CPU
		{4D684BFE-6CA9-48C3-BF19-B68F44E77AC0}.Release|Any CPU.Build.0 = Release|Any CPU
	EndGlobalSection
	GlobalSection(SolutionProperties) = preSolution
		HideSolutionNode = FALSE
	EndGlobalSection
	GlobalSection(ExtensibilityGlobals) = postSolution
		SolutionGuid = {138B4F1E-69F0-4881-AB83-F62C177AD8D9}
	EndGlobalSection
EndGlobal
